
Microsoft Visual Studio Solution File, Format Version 12.00
# Visual Studio Version 16
VisualStudioVersion = 16.0.29411.108
MinimumVisualStudioVersion = 10.0.40219.1
Project("{FAE04EC0-301F-11D3-BF4B-00C04F79EFBC}") = "CharacterSheet", "CharacterSheet\CharacterSheet.csproj", "{586DB23F-A9FD-4D49-8E86-C6D3C1771E56}"
EndProject
Global
	GlobalSection(SolutionConfigurationPlatforms) = preSolution
		Debug|Any CPU = Debug|Any CPU
		Release|Any CPU = Release|Any CPU
	EndGlobalSection
	GlobalSection(ProjectConfigurationPlatforms) = postSolution
		{586DB23F-A9FD-4D49-8E86-C6D3C1771E56}.Debug|Any CPU.ActiveCfg = Debug|Any CPU
		{586DB23F-A9FD-4D49-8E86-C6D3C1771E56}.Debug|Any CPU.Build.0 = Debug|Any CPU
		{586DB23F-A9FD-4D49-8E86-C6D3C1771E56}.Release|Any CPU.ActiveCfg = Release|Any CPU
		{586DB23F-A9FD-4D49-8E86-C6D3C1771E56}.Release|Any CPU.Build.0 = Release|Any CPU
	EndGlobalSection
	GlobalSection(SolutionProperties) = preSolution
		HideSolutionNode = FALSE
	EndGlobalSection
	GlobalSection(ExtensibilityGlobals) = postSolution
		SolutionGuid = {4CDE8A3D-D6AA-4645-A567-2CFA3EEF225D}
	EndGlobalSection
EndGlobal
